
Microsoft Visual Studio Solution File, Format Version 12.00
# Visual Studio Version 17
VisualStudioVersion = 17.2.32516.85
MinimumVisualStudioVersion = 10.0.40219.1
Project("{9A19103F-16F7-4668-BE54-9A1E7A4F7556}") = "RolePlayer.Model", "RolePlayer.Model\RolePlayer.Model.csproj", "{C8B96522-6189-476F-8625-F31D17D71B56}"
EndProject
Project("{2150E333-8FDC-42A3-9474-1A3956D46DE8}") = "Solution Items", "Solution Items", "{CF2367E4-858E-4F59-863D-A1CBD4AFE0EA}"
	ProjectSection(SolutionItems) = preProject
		.editorconfig = .editorconfig
	EndProjectSection
EndProject
Project("{FAE04EC0-301F-11D3-BF4B-00C04F79EFBC}") = "RolePlayer.Model.Tests", "RolePlayer.Model.Tests\RolePlayer.Model.Tests.csproj", "{026C349D-9BC7-46A5-BFDA-29BF5B76746E}"
EndProject
Project("{FAE04EC0-301F-11D3-BF4B-00C04F79EFBC}") = "RolePlayer.ViewModel", "RolePlayer.ViewModel\RolePlayer.ViewModel.csproj", "{00AF9AB2-5DA5-48CD-9227-F1A50EB9F31C}"
EndProject
Project("{FAE04EC0-301F-11D3-BF4B-00C04F79EFBC}") = "RolePlayer.Essentials", "RolePlayer.Essentials\RolePlayer.Essentials.csproj", "{755033BA-3042-44BC-B64D-320C75621591}"
EndProject
Project("{FAE04EC0-301F-11D3-BF4B-00C04F79EFBC}") = "RolePlayer.Essentials.Tests", "RolePlayer.Essentials.Tests\RolePlayer.Essentials.Tests.csproj", "{E142FA3C-DBAB-418D-806A-BBA8D449A3F3}"
EndProject
Project("{FAE04EC0-301F-11D3-BF4B-00C04F79EFBC}") = "RolePlayer.MAUI", "RolePlayer.MAUI\RolePlayer.MAUI.csproj", "{F97C2B46-CBA0-4B3B-97FF-78C6E04550F0}"
EndProject
Project("{FAE04EC0-301F-11D3-BF4B-00C04F79EFBC}") = "RolePlayer.Avalonia", "RolePlayer.Avalonia\RolePlayer.Avalonia\RolePlayer.Avalonia.csproj", "{A7576483-1EFD-4B1D-9FB0-3B4230E0F542}"
EndProject
Project("{FAE04EC0-301F-11D3-BF4B-00C04F79EFBC}") = "RolePlayer.Avalonia.Android", "RolePlayer.Avalonia\RolePlayer.Avalonia.Android\RolePlayer.Avalonia.Android.csproj", "{1B2668FE-E9AD-48A2-8DC8-D54AC19E57B2}"
EndProject
Project("{FAE04EC0-301F-11D3-BF4B-00C04F79EFBC}") = "RolePlayer.Avalonia.Desktop", "RolePlayer.Avalonia\RolePlayer.Avalonia.Desktop\RolePlayer.Avalonia.Desktop.csproj", "{4F4F8DDB-A5BD-4974-9676-5F178FB133AE}"
EndProject
Project("{FAE04EC0-301F-11D3-BF4B-00C04F79EFBC}") = "RolePlayer.Avalonia.iOS", "RolePlayer.Avalonia\RolePlayer.Avalonia.iOS\RolePlayer.Avalonia.iOS.csproj", "{BCFDB5FC-99CE-48FC-B667-989DB187B287}"
EndProject
Project("{FAE04EC0-301F-11D3-BF4B-00C04F79EFBC}") = "RolePlayer.Avalonia.Browser", "RolePlayer.Avalonia\RolePlayer.Avalonia.Browser\RolePlayer.Avalonia.Browser.csproj", "{2960D82B-5D68-4D95-92D1-50FB23350EA2}"
EndProject
Project("{2150E333-8FDC-42A3-9474-1A3956D46DE8}") = "UI", "UI", "{21CAF53D-B601-444A-8ED9-307A61C443D8}"
EndProject
Project("{2150E333-8FDC-42A3-9474-1A3956D46DE8}") = "Avalonia", "Avalonia", "{456C2D59-4AF6-4718-AC28-45A068A8A7E6}"
EndProject
Global
	GlobalSection(SolutionConfigurationPlatforms) = preSolution
		Debug|Any CPU = Debug|Any CPU
		Release|Any CPU = Release|Any CPU
	EndGlobalSection
	GlobalSection(ProjectConfigurationPlatforms) = postSolution
		{C8B96522-6189-476F-8625-F31D17D71B56}.Debug|Any CPU.ActiveCfg = Debug|Any CPU
		{C8B96522-6189-476F-8625-F31D17D71B56}.Debug|Any CPU.Build.0 = Debug|Any CPU
		{C8B96522-6189-476F-8625-F31D17D71B56}.Release|Any CPU.ActiveCfg = Release|Any CPU
		{C8B96522-6189-476F-8625-F31D17D71B56}.Release|Any CPU.Build.0 = Release|Any CPU
		{026C349D-9BC7-46A5-BFDA-29BF5B76746E}.Debug|Any CPU.ActiveCfg = Debug|Any CPU
		{026C349D-9BC7-46A5-BFDA-29BF5B76746E}.Debug|Any CPU.Build.0 = Debug|Any CPU
		{026C349D-9BC7-46A5-BFDA-29BF5B76746E}.Release|Any CPU.ActiveCfg = Release|Any CPU
		{026C349D-9BC7-46A5-BFDA-29BF5B76746E}.Release|Any CPU.Build.0 = Release|Any CPU
		{00AF9AB2-5DA5-48CD-9227-F1A50EB9F31C}.Debug|Any CPU.ActiveCfg = Debug|Any CPU
		{00AF9AB2-5DA5-48CD-9227-F1A50EB9F31C}.Debug|Any CPU.Build.0 = Debug|Any CPU
		{00AF9AB2-5DA5-48CD-9227-F1A50EB9F31C}.Release|Any CPU.ActiveCfg = Release|Any CPU
		{00AF9AB2-5DA5-48CD-9227-F1A50EB9F31C}.Release|Any CPU.Build.0 = Release|Any CPU
		{755033BA-3042-44BC-B64D-320C75621591}.Debug|Any CPU.ActiveCfg = Debug|Any CPU
		{755033BA-3042-44BC-B64D-320C75621591}.Debug|Any CPU.Build.0 = Debug|Any CPU
		{755033BA-3042-44BC-B64D-320C75621591}.Release|Any CPU.ActiveCfg = Release|Any CPU
		{755033BA-3042-44BC-B64D-320C75621591}.Release|Any CPU.Build.0 = Release|Any CPU
		{E142FA3C-DBAB-418D-806A-BBA8D449A3F3}.Debug|Any CPU.ActiveCfg = Debug|Any CPU
		{E142FA3C-DBAB-418D-806A-BBA8D449A3F3}.Debug|Any CPU.Build.0 = Debug|Any CPU
		{E142FA3C-DBAB-418D-806A-BBA8D449A3F3}.Release|Any CPU.ActiveCfg = Release|Any CPU
		{E142FA3C-DBAB-418D-806A-BBA8D449A3F3}.Release|Any CPU.Build.0 = Release|Any CPU
		{F97C2B46-CBA0-4B3B-97FF-78C6E04550F0}.Debug|Any CPU.ActiveCfg = Debug|Any CPU
		{F97C2B46-CBA0-4B3B-97FF-78C6E04550F0}.Debug|Any CPU.Build.0 = Debug|Any CPU
		{F97C2B46-CBA0-4B3B-97FF-78C6E04550F0}.Release|Any CPU.ActiveCfg = Release|Any CPU
		{F97C2B46-CBA0-4B3B-97FF-78C6E04550F0}.Release|Any CPU.Build.0 = Release|Any CPU
		{A7576483-1EFD-4B1D-9FB0-3B4230E0F542}.Debug|Any CPU.ActiveCfg = Debug|Any CPU
		{A7576483-1EFD-4B1D-9FB0-3B4230E0F542}.Debug|Any CPU.Build.0 = Debug|Any CPU
		{A7576483-1EFD-4B1D-9FB0-3B4230E0F542}.Release|Any CPU.ActiveCfg = Release|Any CPU
		{A7576483-1EFD-4B1D-9FB0-3B4230E0F542}.Release|Any CPU.Build.0 = Release|Any CPU
		{1B2668FE-E9AD-48A2-8DC8-D54AC19E57B2}.Debug|Any CPU.ActiveCfg = Debug|Any CPU
		{1B2668FE-E9AD-48A2-8DC8-D54AC19E57B2}.Debug|Any CPU.Build.0 = Debug|Any CPU
		{1B2668FE-E9AD-48A2-8DC8-D54AC19E57B2}.Release|Any CPU.ActiveCfg = Release|Any CPU
		{1B2668FE-E9AD-48A2-8DC8-D54AC19E57B2}.Release|Any CPU.Build.0 = Release|Any CPU
		{4F4F8DDB-A5BD-4974-9676-5F178FB133AE}.Debug|Any CPU.ActiveCfg = Debug|Any CPU
		{4F4F8DDB-A5BD-4974-9676-5F178FB133AE}.Debug|Any CPU.Build.0 = Debug|Any CPU
		{4F4F8DDB-A5BD-4974-9676-5F178FB133AE}.Release|Any CPU.ActiveCfg = Release|Any CPU
		{4F4F8DDB-A5BD-4974-9676-5F178FB133AE}.Release|Any CPU.Build.0 = Release|Any CPU
		{BCFDB5FC-99CE-48FC-B667-989DB187B287}.Debug|Any CPU.ActiveCfg = Debug|Any CPU
		{BCFDB5FC-99CE-48FC-B667-989DB187B287}.Debug|Any CPU.Build.0 = Debug|Any CPU
		{BCFDB5FC-99CE-48FC-B667-989DB187B287}.Release|Any CPU.ActiveCfg = Release|Any CPU
		{BCFDB5FC-99CE-48FC-B667-989DB187B287}.Release|Any CPU.Build.0 = Release|Any CPU
		{2960D82B-5D68-4D95-92D1-50FB23350EA2}.Debug|Any CPU.ActiveCfg = Debug|Any CPU
		{2960D82B-5D68-4D95-92D1-50FB23350EA2}.Debug|Any CPU.Build.0 = Debug|Any CPU
		{2960D82B-5D68-4D95-92D1-50FB23350EA2}.Release|Any CPU.ActiveCfg = Release|Any CPU
		{2960D82B-5D68-4D95-92D1-50FB23350EA2}.Release|Any CPU.Build.0 = Release|Any CPU
	EndGlobalSection
	GlobalSection(SolutionProperties) = preSolution
		HideSolutionNode = FALSE
	EndGlobalSection
	GlobalSection(ExtensibilityGlobals) = postSolution
		SolutionGuid = {55ACD202-52BF-426B-9242-B0BBA95C132E}
	EndGlobalSection
	GlobalSection(NestedProjects) = preSolution
		{C8B96522-6189-476F-8625-F31D17D71B56} = {CF2367E4-858E-4F59-863D-A1CBD4AFE0EA}
		{026C349D-9BC7-46A5-BFDA-29BF5B76746E} = {CF2367E4-858E-4F59-863D-A1CBD4AFE0EA}
		{00AF9AB2-5DA5-48CD-9227-F1A50EB9F31C} = {CF2367E4-858E-4F59-863D-A1CBD4AFE0EA}
		{755033BA-3042-44BC-B64D-320C75621591} = {CF2367E4-858E-4F59-863D-A1CBD4AFE0EA}
		{E142FA3C-DBAB-418D-806A-BBA8D449A3F3} = {CF2367E4-858E-4F59-863D-A1CBD4AFE0EA}
		{21CAF53D-B601-444A-8ED9-307A61C443D8} = {CF2367E4-858E-4F59-863D-A1CBD4AFE0EA}
		{456C2D59-4AF6-4718-AC28-45A068A8A7E6} = {21CAF53D-B601-444A-8ED9-307A61C443D8}
		{A7576483-1EFD-4B1D-9FB0-3B4230E0F542} = {456C2D59-4AF6-4718-AC28-45A068A8A7E6}
		{1B2668FE-E9AD-48A2-8DC8-D54AC19E57B2} = {456C2D59-4AF6-4718-AC28-45A068A8A7E6}
		{2960D82B-5D68-4D95-92D1-50FB23350EA2} = {456C2D59-4AF6-4718-AC28-45A068A8A7E6}
		{4F4F8DDB-A5BD-4974-9676-5F178FB133AE} = {456C2D59-4AF6-4718-AC28-45A068A8A7E6}
		{BCFDB5FC-99CE-48FC-B667-989DB187B287} = {456C2D59-4AF6-4718-AC28-45A068A8A7E6}
		{F97C2B46-CBA0-4B3B-97FF-78C6E04550F0} = {21CAF53D-B601-444A-8ED9-307A61C443D8}
	EndGlobalSection
EndGlobal
