
Microsoft Visual Studio Solution File, Format Version 12.00
# Visual Studio Version 17
VisualStudioVersion = 17.2.32516.85
MinimumVisualStudioVersion = 10.0.40219.1
Project("{FAE04EC0-301F-11D3-BF4B-00C04F79EFBC}") = "RolePlayerFront", "RolePlayerFront\RolePlayerFront.csproj", "{9F5A9D4A-DADC-4ABA-BD1D-94A16E2755D4}"
EndProject
Project("{FAE04EC0-301F-11D3-BF4B-00C04F79EFBC}") = "RolePlayerCore", "RolePlayerCore\RolePlayerCore.csproj", "{752BED2C-C139-43A3-83BF-F52F0004803D}"
EndProject
Global
	GlobalSection(SolutionConfigurationPlatforms) = preSolution
		Debug|Any CPU = Debug|Any CPU
		Release|Any CPU = Release|Any CPU
	EndGlobalSection
	GlobalSection(ProjectConfigurationPlatforms) = postSolution
		{9F5A9D4A-DADC-4ABA-BD1D-94A16E2755D4}.Debug|Any CPU.ActiveCfg = Debug|Any CPU
		{9F5A9D4A-DADC-4ABA-BD1D-94A16E2755D4}.Debug|Any CPU.Build.0 = Debug|Any CPU
		{9F5A9D4A-DADC-4ABA-BD1D-94A16E2755D4}.Release|Any CPU.ActiveCfg = Release|Any CPU
		{9F5A9D4A-DADC-4ABA-BD1D-94A16E2755D4}.Release|Any CPU.Build.0 = Release|Any CPU
		{752BED2C-C139-43A3-83BF-F52F0004803D}.Debug|Any CPU.ActiveCfg = Debug|Any CPU
		{752BED2C-C139-43A3-83BF-F52F0004803D}.Debug|Any CPU.Build.0 = Debug|Any CPU
		{752BED2C-C139-43A3-83BF-F52F0004803D}.Release|Any CPU.ActiveCfg = Release|Any CPU
		{752BED2C-C139-43A3-83BF-F52F0004803D}.Release|Any CPU.Build.0 = Release|Any CPU
	EndGlobalSection
	GlobalSection(SolutionProperties) = preSolution
		HideSolutionNode = FALSE
	EndGlobalSection
	GlobalSection(ExtensibilityGlobals) = postSolution
		SolutionGuid = {55ACD202-52BF-426B-9242-B0BBA95C132E}
	EndGlobalSection
EndGlobal
